
Microsoft Visual Studio Solution File, Format Version 12.00
# Visual Studio 2012
Project("{8BC9CEB8-8B4A-11D0-8D11-00A0C91BC942}") = "PotterKataLogic", "PotterKataLogic\PotterKataLogic.vcxproj", "{3CE9D324-3DFC-4B61-8441-55306B44E699}"
EndProject
Project("{8BC9CEB8-8B4A-11D0-8D11-00A0C91BC942}") = "PotterKataTests", "PotterKataTests\PotterKataTests.vcxproj", "{0B9B25FE-198D-44E8-8BCA-4F7837AFD97A}"
EndProject
Global
	GlobalSection(SolutionConfigurationPlatforms) = preSolution
		Debug|Win32 = Debug|Win32
		Release|Win32 = Release|Win32
	EndGlobalSection
	GlobalSection(ProjectConfigurationPlatforms) = postSolution
		{3CE9D324-3DFC-4B61-8441-55306B44E699}.Debug|Win32.ActiveCfg = Debug|Win32
		{3CE9D324-3DFC-4B61-8441-55306B44E699}.Debug|Win32.Build.0 = Debug|Win32
		{3CE9D324-3DFC-4B61-8441-55306B44E699}.Release|Win32.ActiveCfg = Release|Win32
		{3CE9D324-3DFC-4B61-8441-55306B44E699}.Release|Win32.Build.0 = Release|Win32
		{0B9B25FE-198D-44E8-8BCA-4F7837AFD97A}.Debug|Win32.ActiveCfg = Debug|Win32
		{0B9B25FE-198D-44E8-8BCA-4F7837AFD97A}.Debug|Win32.Build.0 = Debug|Win32
		{0B9B25FE-198D-44E8-8BCA-4F7837AFD97A}.Release|Win32.ActiveCfg = Release|Win32
		{0B9B25FE-198D-44E8-8BCA-4F7837AFD97A}.Release|Win32.Build.0 = Release|Win32
	EndGlobalSection
	GlobalSection(SolutionProperties) = preSolution
		HideSolutionNode = FALSE
	EndGlobalSection
EndGlobal
